// !$*UTF8*$!
{
	archiveVersion = 1;
	classes = {
	};
	objectVersion = 56;
	objects = {

/* Begin PBXBuildFile section */
		F3833CF92A4BE03500B77478 /* FullSpaceSampleApp.swift in Sources */ = {isa = PBXBuildFile; fileRef = F3833CF82A4BE03500B77478 /* FullSpaceSampleApp.swift */; };
		F3833CFB2A4BE03500B77478 /* ContentView.swift in Sources */ = {isa = PBXBuildFile; fileRef = F3833CFA2A4BE03500B77478 /* ContentView.swift */; };
		F3833CFD2A4BE03500B77478 /* Assets.xcassets in Resources */ = {isa = PBXBuildFile; fileRef = F3833CFC2A4BE03500B77478 /* Assets.xcassets */; };
		F3833D012A4BE03500B77478 /* Preview Assets.xcassets in Resources */ = {isa = PBXBuildFile; fileRef = F3833D002A4BE03500B77478 /* Preview Assets.xcassets */; };
		F3833D082A4BF86300B77478 /* FullSpaceView.swift in Sources */ = {isa = PBXBuildFile; fileRef = F3833D072A4BF86300B77478 /* FullSpaceView.swift */; };
		F3954DFF2A57A13E00200E6F /* RealityKitContent in Frameworks */ = {isa = PBXBuildFile; productRef = F3954DFE2A57A13E00200E6F /* RealityKitContent */; };
		F3954E012A57A13E00200E6F /* VisionOSAppApp.swift in Sources */ = {isa = PBXBuildFile; fileRef = F3954E002A57A13E00200E6F /* VisionOSAppApp.swift */; };
		F3954E052A57A14100200E6F /* Assets.xcassets in Resources */ = {isa = PBXBuildFile; fileRef = F3954E042A57A14100200E6F /* Assets.xcassets */; };
		F3954E082A57A14100200E6F /* Preview Assets.xcassets in Resources */ = {isa = PBXBuildFile; fileRef = F3954E072A57A14100200E6F /* Preview Assets.xcassets */; };
		F3954E0C2A57A16F00200E6F /* ContentView.swift in Sources */ = {isa = PBXBuildFile; fileRef = F3833CFA2A4BE03500B77478 /* ContentView.swift */; };
		F3954E0D2A57A16F00200E6F /* FullSpaceView.swift in Sources */ = {isa = PBXBuildFile; fileRef = F3833D072A4BF86300B77478 /* FullSpaceView.swift */; };
		F3954E152A57A2A500200E6F /* RealityKitContent in Frameworks */ = {isa = PBXBuildFile; productRef = F3954E142A57A2A500200E6F /* RealityKitContent */; };
		F3954E172A57A2A500200E6F /* FullApp.swift in Sources */ = {isa = PBXBuildFile; fileRef = F3954E162A57A2A500200E6F /* FullApp.swift */; };
		F3954E192A57A2A500200E6F /* ContentView.swift in Sources */ = {isa = PBXBuildFile; fileRef = F3954E182A57A2A500200E6F /* ContentView.swift */; };
		F3954E1B2A57A2A500200E6F /* ImmersiveView.swift in Sources */ = {isa = PBXBuildFile; fileRef = F3954E1A2A57A2A500200E6F /* ImmersiveView.swift */; };
		F3954E1D2A57A2A500200E6F /* ImageBasedLight.exr in Resources */ = {isa = PBXBuildFile; fileRef = F3954E1C2A57A2A500200E6F /* ImageBasedLight.exr */; };
		F3954E1F2A57A2A800200E6F /* Assets.xcassets in Resources */ = {isa = PBXBuildFile; fileRef = F3954E1E2A57A2A800200E6F /* Assets.xcassets */; };
		F3954E222A57A2A800200E6F /* Preview Assets.xcassets in Resources */ = {isa = PBXBuildFile; fileRef = F3954E212A57A2A800200E6F /* Preview Assets.xcassets */; };
		F3954E272A57A3CA00200E6F /* maneki.usdz in Resources */ = {isa = PBXBuildFile; fileRef = F3954E262A57A3CA00200E6F /* maneki.usdz */; };
		F3ADDD872AC415D200E86117 /* RealityKitContent in Frameworks */ = {isa = PBXBuildFile; productRef = F3ADDD862AC415D200E86117 /* RealityKitContent */; };
		F3ADDD892AC415D200E86117 /* AttachmentSampleApp.swift in Sources */ = {isa = PBXBuildFile; fileRef = F3ADDD882AC415D200E86117 /* AttachmentSampleApp.swift */; };
		F3ADDD8B2AC415D200E86117 /* ContentView.swift in Sources */ = {isa = PBXBuildFile; fileRef = F3ADDD8A2AC415D200E86117 /* ContentView.swift */; };
		F3ADDD8D2AC415D200E86117 /* ImmersiveView.swift in Sources */ = {isa = PBXBuildFile; fileRef = F3ADDD8C2AC415D200E86117 /* ImmersiveView.swift */; };
		F3ADDD8F2AC415D200E86117 /* ImageBasedLighting.skybox in Resources */ = {isa = PBXBuildFile; fileRef = F3ADDD8E2AC415D200E86117 /* ImageBasedLighting.skybox */; };
		F3ADDD912AC415D300E86117 /* Assets.xcassets in Resources */ = {isa = PBXBuildFile; fileRef = F3ADDD902AC415D300E86117 /* Assets.xcassets */; };
		F3ADDD942AC415D300E86117 /* Preview Assets.xcassets in Resources */ = {isa = PBXBuildFile; fileRef = F3ADDD932AC415D300E86117 /* Preview Assets.xcassets */; };
/* End PBXBuildFile section */

/* Begin PBXFileReference section */
		F3833CF52A4BE03500B77478 /* FullSpaceSample.app */ = {isa = PBXFileReference; explicitFileType = wrapper.application; includeInIndex = 0; path = FullSpaceSample.app; sourceTree = BUILT_PRODUCTS_DIR; };
		F3833CF82A4BE03500B77478 /* FullSpaceSampleApp.swift */ = {isa = PBXFileReference; lastKnownFileType = sourcecode.swift; path = FullSpaceSampleApp.swift; sourceTree = "<group>"; };
		F3833CFA2A4BE03500B77478 /* ContentView.swift */ = {isa = PBXFileReference; lastKnownFileType = sourcecode.swift; path = ContentView.swift; sourceTree = "<group>"; };
		F3833CFC2A4BE03500B77478 /* Assets.xcassets */ = {isa = PBXFileReference; lastKnownFileType = folder.assetcatalog; path = Assets.xcassets; sourceTree = "<group>"; };
		F3833CFE2A4BE03500B77478 /* FullSpaceSample.entitlements */ = {isa = PBXFileReference; lastKnownFileType = text.plist.entitlements; path = FullSpaceSample.entitlements; sourceTree = "<group>"; };
		F3833D002A4BE03500B77478 /* Preview Assets.xcassets */ = {isa = PBXFileReference; lastKnownFileType = folder.assetcatalog; path = "Preview Assets.xcassets"; sourceTree = "<group>"; };
		F3833D072A4BF86300B77478 /* FullSpaceView.swift */ = {isa = PBXFileReference; lastKnownFileType = sourcecode.swift; path = FullSpaceView.swift; sourceTree = "<group>"; };
		F3833D092A4C0F3200B77478 /* Info.plist */ = {isa = PBXFileReference; lastKnownFileType = text.plist; path = Info.plist; sourceTree = "<group>"; };
		F3954DFA2A57A13E00200E6F /* VisionOSApp.app */ = {isa = PBXFileReference; explicitFileType = wrapper.application; includeInIndex = 0; path = VisionOSApp.app; sourceTree = BUILT_PRODUCTS_DIR; };
		F3954DFD2A57A13E00200E6F /* RealityKitContent */ = {isa = PBXFileReference; lastKnownFileType = wrapper; path = RealityKitContent; sourceTree = "<group>"; };
		F3954E002A57A13E00200E6F /* VisionOSAppApp.swift */ = {isa = PBXFileReference; lastKnownFileType = sourcecode.swift; path = VisionOSAppApp.swift; sourceTree = "<group>"; };
		F3954E042A57A14100200E6F /* Assets.xcassets */ = {isa = PBXFileReference; lastKnownFileType = folder.assetcatalog; path = Assets.xcassets; sourceTree = "<group>"; };
		F3954E072A57A14100200E6F /* Preview Assets.xcassets */ = {isa = PBXFileReference; lastKnownFileType = folder.assetcatalog; path = "Preview Assets.xcassets"; sourceTree = "<group>"; };
		F3954E122A57A2A500200E6F /* Full.app */ = {isa = PBXFileReference; explicitFileType = wrapper.application; includeInIndex = 0; path = Full.app; sourceTree = BUILT_PRODUCTS_DIR; };
		F3954E162A57A2A500200E6F /* FullApp.swift */ = {isa = PBXFileReference; lastKnownFileType = sourcecode.swift; path = FullApp.swift; sourceTree = "<group>"; };
		F3954E182A57A2A500200E6F /* ContentView.swift */ = {isa = PBXFileReference; lastKnownFileType = sourcecode.swift; path = ContentView.swift; sourceTree = "<group>"; };
		F3954E1A2A57A2A500200E6F /* ImmersiveView.swift */ = {isa = PBXFileReference; lastKnownFileType = sourcecode.swift; path = ImmersiveView.swift; sourceTree = "<group>"; };
		F3954E1C2A57A2A500200E6F /* ImageBasedLight.exr */ = {isa = PBXFileReference; lastKnownFileType = file; path = ImageBasedLight.exr; sourceTree = "<group>"; };
		F3954E1E2A57A2A800200E6F /* Assets.xcassets */ = {isa = PBXFileReference; lastKnownFileType = folder.assetcatalog; path = Assets.xcassets; sourceTree = "<group>"; };
		F3954E212A57A2A800200E6F /* Preview Assets.xcassets */ = {isa = PBXFileReference; lastKnownFileType = folder.assetcatalog; path = "Preview Assets.xcassets"; sourceTree = "<group>"; };
		F3954E262A57A3CA00200E6F /* maneki.usdz */ = {isa = PBXFileReference; lastKnownFileType = file.usdz; path = maneki.usdz; sourceTree = "<group>"; };
		F3ADDD842AC415D200E86117 /* AttachmentSample.app */ = {isa = PBXFileReference; explicitFileType = wrapper.application; includeInIndex = 0; path = AttachmentSample.app; sourceTree = BUILT_PRODUCTS_DIR; };
		F3ADDD882AC415D200E86117 /* AttachmentSampleApp.swift */ = {isa = PBXFileReference; lastKnownFileType = sourcecode.swift; path = AttachmentSampleApp.swift; sourceTree = "<group>"; };
		F3ADDD8A2AC415D200E86117 /* ContentView.swift */ = {isa = PBXFileReference; lastKnownFileType = sourcecode.swift; path = ContentView.swift; sourceTree = "<group>"; };
		F3ADDD8C2AC415D200E86117 /* ImmersiveView.swift */ = {isa = PBXFileReference; lastKnownFileType = sourcecode.swift; path = ImmersiveView.swift; sourceTree = "<group>"; };
		F3ADDD8E2AC415D200E86117 /* ImageBasedLighting.skybox */ = {isa = PBXFileReference; lastKnownFileType = file.skybox; path = ImageBasedLighting.skybox; sourceTree = "<group>"; };
		F3ADDD902AC415D300E86117 /* Assets.xcassets */ = {isa = PBXFileReference; lastKnownFileType = folder.assetcatalog; path = Assets.xcassets; sourceTree = "<group>"; };
		F3ADDD932AC415D300E86117 /* Preview Assets.xcassets */ = {isa = PBXFileReference; lastKnownFileType = folder.assetcatalog; path = "Preview Assets.xcassets"; sourceTree = "<group>"; };
		F3ADDD952AC415D300E86117 /* Info.plist */ = {isa = PBXFileReference; lastKnownFileType = text.plist.xml; path = Info.plist; sourceTree = "<group>"; };
/* End PBXFileReference section */

/* Begin PBXFrameworksBuildPhase section */
		F3833CF22A4BE03500B77478 /* Frameworks */ = {
			isa = PBXFrameworksBuildPhase;
			buildActionMask = 2147483647;
			files = (
			);
			runOnlyForDeploymentPostprocessing = 0;
		};
		F3954DF72A57A13E00200E6F /* Frameworks */ = {
			isa = PBXFrameworksBuildPhase;
			buildActionMask = 2147483647;
			files = (
				F3954DFF2A57A13E00200E6F /* RealityKitContent in Frameworks */,
			);
			runOnlyForDeploymentPostprocessing = 0;
		};
		F3954E0F2A57A2A500200E6F /* Frameworks */ = {
			isa = PBXFrameworksBuildPhase;
			buildActionMask = 2147483647;
			files = (
				F3954E152A57A2A500200E6F /* RealityKitContent in Frameworks */,
			);
			runOnlyForDeploymentPostprocessing = 0;
		};
		F3ADDD812AC415D200E86117 /* Frameworks */ = {
			isa = PBXFrameworksBuildPhase;
			buildActionMask = 2147483647;
			files = (
				F3ADDD872AC415D200E86117 /* RealityKitContent in Frameworks */,
			);
			runOnlyForDeploymentPostprocessing = 0;
		};
/* End PBXFrameworksBuildPhase section */

/* Begin PBXGroup section */
		F3833CEC2A4BE03500B77478 = {
			isa = PBXGroup;
			children = (
				F3833CF72A4BE03500B77478 /* FullSpaceSample */,
				F3954DFB2A57A13E00200E6F /* VisionOSApp */,
				F3954DFC2A57A13E00200E6F /* Packages */,
				F3954E132A57A2A500200E6F /* Full */,
				F3ADDD852AC415D200E86117 /* AttachmentSample */,
				F3833CF62A4BE03500B77478 /* Products */,
			);
			sourceTree = "<group>";
		};
		F3833CF62A4BE03500B77478 /* Products */ = {
			isa = PBXGroup;
			children = (
				F3833CF52A4BE03500B77478 /* FullSpaceSample.app */,
				F3954DFA2A57A13E00200E6F /* VisionOSApp.app */,
				F3954E122A57A2A500200E6F /* Full.app */,
				F3ADDD842AC415D200E86117 /* AttachmentSample.app */,
			);
			name = Products;
			sourceTree = "<group>";
		};
		F3833CF72A4BE03500B77478 /* FullSpaceSample */ = {
			isa = PBXGroup;
			children = (
				F3833D092A4C0F3200B77478 /* Info.plist */,
				F3833CF82A4BE03500B77478 /* FullSpaceSampleApp.swift */,
				F3833CFA2A4BE03500B77478 /* ContentView.swift */,
				F3833D072A4BF86300B77478 /* FullSpaceView.swift */,
				F3954E262A57A3CA00200E6F /* maneki.usdz */,
				F3833CFC2A4BE03500B77478 /* Assets.xcassets */,
				F3833CFE2A4BE03500B77478 /* FullSpaceSample.entitlements */,
				F3833CFF2A4BE03500B77478 /* Preview Content */,
			);
			path = FullSpaceSample;
			sourceTree = "<group>";
		};
		F3833CFF2A4BE03500B77478 /* Preview Content */ = {
			isa = PBXGroup;
			children = (
				F3833D002A4BE03500B77478 /* Preview Assets.xcassets */,
			);
			path = "Preview Content";
			sourceTree = "<group>";
		};
		F3954DFB2A57A13E00200E6F /* VisionOSApp */ = {
			isa = PBXGroup;
			children = (
				F3954E002A57A13E00200E6F /* VisionOSAppApp.swift */,
				F3954E042A57A14100200E6F /* Assets.xcassets */,
				F3954E062A57A14100200E6F /* Preview Content */,
			);
			path = VisionOSApp;
			sourceTree = "<group>";
		};
		F3954DFC2A57A13E00200E6F /* Packages */ = {
			isa = PBXGroup;
			children = (
				F3954DFD2A57A13E00200E6F /* RealityKitContent */,
			);
			path = Packages;
			sourceTree = "<group>";
		};
		F3954E062A57A14100200E6F /* Preview Content */ = {
			isa = PBXGroup;
			children = (
				F3954E072A57A14100200E6F /* Preview Assets.xcassets */,
			);
			path = "Preview Content";
			sourceTree = "<group>";
		};
		F3954E132A57A2A500200E6F /* Full */ = {
			isa = PBXGroup;
			children = (
				F3954E162A57A2A500200E6F /* FullApp.swift */,
				F3954E182A57A2A500200E6F /* ContentView.swift */,
				F3954E1A2A57A2A500200E6F /* ImmersiveView.swift */,
				F3954E1C2A57A2A500200E6F /* ImageBasedLight.exr */,
				F3954E1E2A57A2A800200E6F /* Assets.xcassets */,
				F3954E202A57A2A800200E6F /* Preview Content */,
			);
			path = Full;
			sourceTree = "<group>";
		};
		F3954E202A57A2A800200E6F /* Preview Content */ = {
			isa = PBXGroup;
			children = (
				F3954E212A57A2A800200E6F /* Preview Assets.xcassets */,
			);
			path = "Preview Content";
			sourceTree = "<group>";
		};
		F3ADDD852AC415D200E86117 /* AttachmentSample */ = {
			isa = PBXGroup;
			children = (
				F3ADDD882AC415D200E86117 /* AttachmentSampleApp.swift */,
				F3ADDD8A2AC415D200E86117 /* ContentView.swift */,
				F3ADDD8C2AC415D200E86117 /* ImmersiveView.swift */,
				F3ADDD8E2AC415D200E86117 /* ImageBasedLighting.skybox */,
				F3ADDD902AC415D300E86117 /* Assets.xcassets */,
				F3ADDD952AC415D300E86117 /* Info.plist */,
				F3ADDD922AC415D300E86117 /* Preview Content */,
			);
			path = AttachmentSample;
			sourceTree = "<group>";
		};
		F3ADDD922AC415D300E86117 /* Preview Content */ = {
			isa = PBXGroup;
			children = (
				F3ADDD932AC415D300E86117 /* Preview Assets.xcassets */,
			);
			path = "Preview Content";
			sourceTree = "<group>";
		};
/* End PBXGroup section */

/* Begin PBXNativeTarget section */
		F3833CF42A4BE03500B77478 /* FullSpaceSample */ = {
			isa = PBXNativeTarget;
			buildConfigurationList = F3833D042A4BE03500B77478 /* Build configuration list for PBXNativeTarget "FullSpaceSample" */;
			buildPhases = (
				F3833CF12A4BE03500B77478 /* Sources */,
				F3833CF22A4BE03500B77478 /* Frameworks */,
				F3833CF32A4BE03500B77478 /* Resources */,
			);
			buildRules = (
			);
			dependencies = (
			);
			name = FullSpaceSample;
			productName = FullSpaceSample;
			productReference = F3833CF52A4BE03500B77478 /* FullSpaceSample.app */;
			productType = "com.apple.product-type.application";
		};
		F3954DF92A57A13E00200E6F /* VisionOSApp */ = {
			isa = PBXNativeTarget;
			buildConfigurationList = F3954E0B2A57A14100200E6F /* Build configuration list for PBXNativeTarget "VisionOSApp" */;
			buildPhases = (
				F3954DF62A57A13E00200E6F /* Sources */,
				F3954DF72A57A13E00200E6F /* Frameworks */,
				F3954DF82A57A13E00200E6F /* Resources */,
			);
			buildRules = (
			);
			dependencies = (
			);
			name = VisionOSApp;
			packageProductDependencies = (
				F3954DFE2A57A13E00200E6F /* RealityKitContent */,
			);
			productName = VisionOSApp;
			productReference = F3954DFA2A57A13E00200E6F /* VisionOSApp.app */;
			productType = "com.apple.product-type.application";
		};
		F3954E112A57A2A500200E6F /* Full */ = {
			isa = PBXNativeTarget;
			buildConfigurationList = F3954E232A57A2A800200E6F /* Build configuration list for PBXNativeTarget "Full" */;
			buildPhases = (
				F3954E0E2A57A2A500200E6F /* Sources */,
				F3954E0F2A57A2A500200E6F /* Frameworks */,
				F3954E102A57A2A500200E6F /* Resources */,
			);
			buildRules = (
			);
			dependencies = (
			);
			name = Full;
			packageProductDependencies = (
				F3954E142A57A2A500200E6F /* RealityKitContent */,
			);
			productName = Full;
			productReference = F3954E122A57A2A500200E6F /* Full.app */;
			productType = "com.apple.product-type.application";
		};
		F3ADDD832AC415D200E86117 /* AttachmentSample */ = {
			isa = PBXNativeTarget;
			buildConfigurationList = F3ADDD982AC415D300E86117 /* Build configuration list for PBXNativeTarget "AttachmentSample" */;
			buildPhases = (
				F3ADDD802AC415D200E86117 /* Sources */,
				F3ADDD812AC415D200E86117 /* Frameworks */,
				F3ADDD822AC415D200E86117 /* Resources */,
			);
			buildRules = (
			);
			dependencies = (
			);
			name = AttachmentSample;
			packageProductDependencies = (
				F3ADDD862AC415D200E86117 /* RealityKitContent */,
			);
			productName = AttachmentSample;
			productReference = F3ADDD842AC415D200E86117 /* AttachmentSample.app */;
			productType = "com.apple.product-type.application";
		};
/* End PBXNativeTarget section */

/* Begin PBXProject section */
		F3833CED2A4BE03500B77478 /* Project object */ = {
			isa = PBXProject;
			attributes = {
				BuildIndependentTargetsInParallel = 1;
				LastSwiftUpdateCheck = 1500;
				LastUpgradeCheck = 1500;
				TargetAttributes = {
					F3833CF42A4BE03500B77478 = {
						CreatedOnToolsVersion = 15.0;
					};
					F3954DF92A57A13E00200E6F = {
						CreatedOnToolsVersion = 15.0;
					};
					F3954E112A57A2A500200E6F = {
						CreatedOnToolsVersion = 15.0;
					};
					F3ADDD832AC415D200E86117 = {
						CreatedOnToolsVersion = 15.0;
					};
				};
			};
			buildConfigurationList = F3833CF02A4BE03500B77478 /* Build configuration list for PBXProject "FullSpaceSample" */;
			compatibilityVersion = "Xcode 14.0";
			developmentRegion = en;
			hasScannedForEncodings = 0;
			knownRegions = (
				en,
				Base,
			);
			mainGroup = F3833CEC2A4BE03500B77478;
			productRefGroup = F3833CF62A4BE03500B77478 /* Products */;
			projectDirPath = "";
			projectRoot = "";
			targets = (
				F3833CF42A4BE03500B77478 /* FullSpaceSample */,
				F3954DF92A57A13E00200E6F /* VisionOSApp */,
				F3954E112A57A2A500200E6F /* Full */,
				F3ADDD832AC415D200E86117 /* AttachmentSample */,
			);
		};
/* End PBXProject section */

/* Begin PBXResourcesBuildPhase section */
		F3833CF32A4BE03500B77478 /* Resources */ = {
			isa = PBXResourcesBuildPhase;
			buildActionMask = 2147483647;
			files = (
				F3833D012A4BE03500B77478 /* Preview Assets.xcassets in Resources */,
				F3954E272A57A3CA00200E6F /* maneki.usdz in Resources */,
				F3833CFD2A4BE03500B77478 /* Assets.xcassets in Resources */,
			);
			runOnlyForDeploymentPostprocessing = 0;
		};
		F3954DF82A57A13E00200E6F /* Resources */ = {
			isa = PBXResourcesBuildPhase;
			buildActionMask = 2147483647;
			files = (
				F3954E082A57A14100200E6F /* Preview Assets.xcassets in Resources */,
				F3954E052A57A14100200E6F /* Assets.xcassets in Resources */,
			);
			runOnlyForDeploymentPostprocessing = 0;
		};
		F3954E102A57A2A500200E6F /* Resources */ = {
			isa = PBXResourcesBuildPhase;
			buildActionMask = 2147483647;
			files = (
				F3954E1F2A57A2A800200E6F /* Assets.xcassets in Resources */,
				F3954E222A57A2A800200E6F /* Preview Assets.xcassets in Resources */,
				F3954E1D2A57A2A500200E6F /* ImageBasedLight.exr in Resources */,
			);
			runOnlyForDeploymentPostprocessing = 0;
		};
		F3ADDD822AC415D200E86117 /* Resources */ = {
			isa = PBXResourcesBuildPhase;
			buildActionMask = 2147483647;
			files = (
				F3ADDD912AC415D300E86117 /* Assets.xcassets in Resources */,
				F3ADDD942AC415D300E86117 /* Preview Assets.xcassets in Resources */,
				F3ADDD8F2AC415D200E86117 /* ImageBasedLighting.skybox in Resources */,
			);
			runOnlyForDeploymentPostprocessing = 0;
		};
/* End PBXResourcesBuildPhase section */

/* Begin PBXSourcesBuildPhase section */
		F3833CF12A4BE03500B77478 /* Sources */ = {
			isa = PBXSourcesBuildPhase;
			buildActionMask = 2147483647;
			files = (
				F3833D082A4BF86300B77478 /* FullSpaceView.swift in Sources */,
				F3833CFB2A4BE03500B77478 /* ContentView.swift in Sources */,
				F3833CF92A4BE03500B77478 /* FullSpaceSampleApp.swift in Sources */,
			);
			runOnlyForDeploymentPostprocessing = 0;
		};
		F3954DF62A57A13E00200E6F /* Sources */ = {
			isa = PBXSourcesBuildPhase;
			buildActionMask = 2147483647;
			files = (
				F3954E0D2A57A16F00200E6F /* FullSpaceView.swift in Sources */,
				F3954E0C2A57A16F00200E6F /* ContentView.swift in Sources */,
				F3954E012A57A13E00200E6F /* VisionOSAppApp.swift in Sources */,
			);
			runOnlyForDeploymentPostprocessing = 0;
		};
		F3954E0E2A57A2A500200E6F /* Sources */ = {
			isa = PBXSourcesBuildPhase;
			buildActionMask = 2147483647;
			files = (
				F3954E192A57A2A500200E6F /* ContentView.swift in Sources */,
				F3954E172A57A2A500200E6F /* FullApp.swift in Sources */,
				F3954E1B2A57A2A500200E6F /* ImmersiveView.swift in Sources */,
			);
			runOnlyForDeploymentPostprocessing = 0;
		};
		F3ADDD802AC415D200E86117 /* Sources */ = {
			isa = PBXSourcesBuildPhase;
			buildActionMask = 2147483647;
			files = (
				F3ADDD8B2AC415D200E86117 /* ContentView.swift in Sources */,
				F3ADDD892AC415D200E86117 /* AttachmentSampleApp.swift in Sources */,
				F3ADDD8D2AC415D200E86117 /* ImmersiveView.swift in Sources */,
			);
			runOnlyForDeploymentPostprocessing = 0;
		};
/* End PBXSourcesBuildPhase section */

/* Begin XCBuildConfiguration section */
		F3833D022A4BE03500B77478 /* Debug */ = {
			isa = XCBuildConfiguration;
			buildSettings = {
				ALWAYS_SEARCH_USER_PATHS = NO;
				ASSETCATALOG_COMPILER_GENERATE_SWIFT_ASSET_SYMBOL_EXTENSIONS = YES;
				CLANG_ANALYZER_NONNULL = YES;
				CLANG_ANALYZER_NUMBER_OBJECT_CONVERSION = YES_AGGRESSIVE;
				CLANG_CXX_LANGUAGE_STANDARD = "gnu++20";
				CLANG_ENABLE_MODULES = YES;
				CLANG_ENABLE_OBJC_ARC = YES;
				CLANG_ENABLE_OBJC_WEAK = YES;
				CLANG_WARN_BLOCK_CAPTURE_AUTORELEASING = YES;
				CLANG_WARN_BOOL_CONVERSION = YES;
				CLANG_WARN_COMMA = YES;
				CLANG_WARN_CONSTANT_CONVERSION = YES;
				CLANG_WARN_DEPRECATED_OBJC_IMPLEMENTATIONS = YES;
				CLANG_WARN_DIRECT_OBJC_ISA_USAGE = YES_ERROR;
				CLANG_WARN_DOCUMENTATION_COMMENTS = YES;
				CLANG_WARN_EMPTY_BODY = YES;
				CLANG_WARN_ENUM_CONVERSION = YES;
				CLANG_WARN_INFINITE_RECURSION = YES;
				CLANG_WARN_INT_CONVERSION = YES;
				CLANG_WARN_NON_LITERAL_NULL_CONVERSION = YES;
				CLANG_WARN_OBJC_IMPLICIT_RETAIN_SELF = YES;
				CLANG_WARN_OBJC_LITERAL_CONVERSION = YES;
				CLANG_WARN_OBJC_ROOT_CLASS = YES_ERROR;
				CLANG_WARN_QUOTED_INCLUDE_IN_FRAMEWORK_HEADER = YES;
				CLANG_WARN_RANGE_LOOP_ANALYSIS = YES;
				CLANG_WARN_STRICT_PROTOTYPES = YES;
				CLANG_WARN_SUSPICIOUS_MOVE = YES;
				CLANG_WARN_UNGUARDED_AVAILABILITY = YES_AGGRESSIVE;
				CLANG_WARN_UNREACHABLE_CODE = YES;
				CLANG_WARN__DUPLICATE_METHOD_MATCH = YES;
				COPY_PHASE_STRIP = NO;
				DEBUG_INFORMATION_FORMAT = dwarf;
				ENABLE_STRICT_OBJC_MSGSEND = YES;
				ENABLE_TESTABILITY = YES;
				ENABLE_USER_SCRIPT_SANDBOXING = YES;
				GCC_C_LANGUAGE_STANDARD = gnu17;
				GCC_DYNAMIC_NO_PIC = NO;
				GCC_NO_COMMON_BLOCKS = YES;
				GCC_OPTIMIZATION_LEVEL = 0;
				GCC_PREPROCESSOR_DEFINITIONS = (
					"DEBUG=1",
					"$(inherited)",
				);
				GCC_WARN_64_TO_32_BIT_CONVERSION = YES;
				GCC_WARN_ABOUT_RETURN_TYPE = YES_ERROR;
				GCC_WARN_UNDECLARED_SELECTOR = YES;
				GCC_WARN_UNINITIALIZED_AUTOS = YES_AGGRESSIVE;
				GCC_WARN_UNUSED_FUNCTION = YES;
				GCC_WARN_UNUSED_VARIABLE = YES;
				LOCALIZATION_PREFERS_STRING_CATALOGS = YES;
				MTL_ENABLE_DEBUG_INFO = INCLUDE_SOURCE;
				MTL_FAST_MATH = YES;
				ONLY_ACTIVE_ARCH = YES;
				SWIFT_ACTIVE_COMPILATION_CONDITIONS = "DEBUG $(inherited)";
				SWIFT_OPTIMIZATION_LEVEL = "-Onone";
			};
			name = Debug;
		};
		F3833D032A4BE03500B77478 /* Release */ = {
			isa = XCBuildConfiguration;
			buildSettings = {
				ALWAYS_SEARCH_USER_PATHS = NO;
				ASSETCATALOG_COMPILER_GENERATE_SWIFT_ASSET_SYMBOL_EXTENSIONS = YES;
				CLANG_ANALYZER_NONNULL = YES;
				CLANG_ANALYZER_NUMBER_OBJECT_CONVERSION = YES_AGGRESSIVE;
				CLANG_CXX_LANGUAGE_STANDARD = "gnu++20";
				CLANG_ENABLE_MODULES = YES;
				CLANG_ENABLE_OBJC_ARC = YES;
				CLANG_ENABLE_OBJC_WEAK = YES;
				CLANG_WARN_BLOCK_CAPTURE_AUTORELEASING = YES;
				CLANG_WARN_BOOL_CONVERSION = YES;
				CLANG_WARN_COMMA = YES;
				CLANG_WARN_CONSTANT_CONVERSION = YES;
				CLANG_WARN_DEPRECATED_OBJC_IMPLEMENTATIONS = YES;
				CLANG_WARN_DIRECT_OBJC_ISA_USAGE = YES_ERROR;
				CLANG_WARN_DOCUMENTATION_COMMENTS = YES;
				CLANG_WARN_EMPTY_BODY = YES;
				CLANG_WARN_ENUM_CONVERSION = YES;
				CLANG_WARN_INFINITE_RECURSION = YES;
				CLANG_WARN_INT_CONVERSION = YES;
				CLANG_WARN_NON_LITERAL_NULL_CONVERSION = YES;
				CLANG_WARN_OBJC_IMPLICIT_RETAIN_SELF = YES;
				CLANG_WARN_OBJC_LITERAL_CONVERSION = YES;
				CLANG_WARN_OBJC_ROOT_CLASS = YES_ERROR;
				CLANG_WARN_QUOTED_INCLUDE_IN_FRAMEWORK_HEADER = YES;
				CLANG_WARN_RANGE_LOOP_ANALYSIS = YES;
				CLANG_WARN_STRICT_PROTOTYPES = YES;
				CLANG_WARN_SUSPICIOUS_MOVE = YES;
				CLANG_WARN_UNGUARDED_AVAILABILITY = YES_AGGRESSIVE;
				CLANG_WARN_UNREACHABLE_CODE = YES;
				CLANG_WARN__DUPLICATE_METHOD_MATCH = YES;
				COPY_PHASE_STRIP = NO;
				DEBUG_INFORMATION_FORMAT = "dwarf-with-dsym";
				ENABLE_NS_ASSERTIONS = NO;
				ENABLE_STRICT_OBJC_MSGSEND = YES;
				ENABLE_USER_SCRIPT_SANDBOXING = YES;
				GCC_C_LANGUAGE_STANDARD = gnu17;
				GCC_NO_COMMON_BLOCKS = YES;
				GCC_WARN_64_TO_32_BIT_CONVERSION = YES;
				GCC_WARN_ABOUT_RETURN_TYPE = YES_ERROR;
				GCC_WARN_UNDECLARED_SELECTOR = YES;
				GCC_WARN_UNINITIALIZED_AUTOS = YES_AGGRESSIVE;
				GCC_WARN_UNUSED_FUNCTION = YES;
				GCC_WARN_UNUSED_VARIABLE = YES;
				LOCALIZATION_PREFERS_STRING_CATALOGS = YES;
				MTL_ENABLE_DEBUG_INFO = NO;
				MTL_FAST_MATH = YES;
				SWIFT_COMPILATION_MODE = wholemodule;
			};
			name = Release;
		};
		F3833D052A4BE03500B77478 /* Debug */ = {
			isa = XCBuildConfiguration;
			buildSettings = {
				ASSETCATALOG_COMPILER_APPICON_NAME = AppIcon;
				ASSETCATALOG_COMPILER_GLOBAL_ACCENT_COLOR_NAME = AccentColor;
				CODE_SIGN_ENTITLEMENTS = FullSpaceSample/FullSpaceSample.entitlements;
				CODE_SIGN_STYLE = Automatic;
				CURRENT_PROJECT_VERSION = 1;
				DEVELOPMENT_ASSET_PATHS = "\"FullSpaceSample/Preview Content\"";
				DEVELOPMENT_TEAM = 5AXCX2DUCQ;
				ENABLE_HARDENED_RUNTIME = YES;
				ENABLE_PREVIEWS = YES;
				GENERATE_INFOPLIST_FILE = YES;
				INFOPLIST_FILE = FullSpaceSample/Info.plist;
				"INFOPLIST_KEY_UIApplicationSceneManifest_Generation[sdk=iphoneos*]" = YES;
				"INFOPLIST_KEY_UIApplicationSceneManifest_Generation[sdk=iphonesimulator*]" = YES;
				"INFOPLIST_KEY_UIApplicationSupportsIndirectInputEvents[sdk=iphoneos*]" = YES;
				"INFOPLIST_KEY_UIApplicationSupportsIndirectInputEvents[sdk=iphonesimulator*]" = YES;
				"INFOPLIST_KEY_UILaunchScreen_Generation[sdk=iphoneos*]" = YES;
				"INFOPLIST_KEY_UILaunchScreen_Generation[sdk=iphonesimulator*]" = YES;
				"INFOPLIST_KEY_UIStatusBarStyle[sdk=iphoneos*]" = UIStatusBarStyleDefault;
				"INFOPLIST_KEY_UIStatusBarStyle[sdk=iphonesimulator*]" = UIStatusBarStyleDefault;
				INFOPLIST_KEY_UISupportedInterfaceOrientations_iPad = "UIInterfaceOrientationPortrait UIInterfaceOrientationPortraitUpsideDown UIInterfaceOrientationLandscapeLeft UIInterfaceOrientationLandscapeRight";
				INFOPLIST_KEY_UISupportedInterfaceOrientations_iPhone = "UIInterfaceOrientationPortrait UIInterfaceOrientationLandscapeLeft UIInterfaceOrientationLandscapeRight";
				IPHONEOS_DEPLOYMENT_TARGET = 17.0;
				LD_RUNPATH_SEARCH_PATHS = "@executable_path/Frameworks";
				"LD_RUNPATH_SEARCH_PATHS[sdk=macosx*]" = "@executable_path/../Frameworks";
				MACOSX_DEPLOYMENT_TARGET = 14.0;
				MARKETING_VERSION = 1.0;
				PRODUCT_BUNDLE_IDENTIFIER = work.spinners.sample.FullSpaceSample;
				PRODUCT_NAME = "$(TARGET_NAME)";
				SDKROOT = auto;
				SUPPORTED_PLATFORMS = "xros xrsimulator";
				SUPPORTS_MACCATALYST = NO;
				SUPPORTS_MAC_DESIGNED_FOR_IPHONE_IPAD = NO;
				SUPPORTS_XR_DESIGNED_FOR_IPHONE_IPAD = NO;
				SWIFT_EMIT_LOC_STRINGS = YES;
				SWIFT_VERSION = 5.0;
			};
			name = Debug;
		};
		F3833D062A4BE03500B77478 /* Release */ = {
			isa = XCBuildConfiguration;
			buildSettings = {
				ASSETCATALOG_COMPILER_APPICON_NAME = AppIcon;
				ASSETCATALOG_COMPILER_GLOBAL_ACCENT_COLOR_NAME = AccentColor;
				CODE_SIGN_ENTITLEMENTS = FullSpaceSample/FullSpaceSample.entitlements;
				CODE_SIGN_STYLE = Automatic;
				CURRENT_PROJECT_VERSION = 1;
				DEVELOPMENT_ASSET_PATHS = "\"FullSpaceSample/Preview Content\"";
				DEVELOPMENT_TEAM = 5AXCX2DUCQ;
				ENABLE_HARDENED_RUNTIME = YES;
				ENABLE_PREVIEWS = YES;
				GENERATE_INFOPLIST_FILE = YES;
				INFOPLIST_FILE = FullSpaceSample/Info.plist;
				"INFOPLIST_KEY_UIApplicationSceneManifest_Generation[sdk=iphoneos*]" = YES;
				"INFOPLIST_KEY_UIApplicationSceneManifest_Generation[sdk=iphonesimulator*]" = YES;
				"INFOPLIST_KEY_UIApplicationSupportsIndirectInputEvents[sdk=iphoneos*]" = YES;
				"INFOPLIST_KEY_UIApplicationSupportsIndirectInputEvents[sdk=iphonesimulator*]" = YES;
				"INFOPLIST_KEY_UILaunchScreen_Generation[sdk=iphoneos*]" = YES;
				"INFOPLIST_KEY_UILaunchScreen_Generation[sdk=iphonesimulator*]" = YES;
				"INFOPLIST_KEY_UIStatusBarStyle[sdk=iphoneos*]" = UIStatusBarStyleDefault;
				"INFOPLIST_KEY_UIStatusBarStyle[sdk=iphonesimulator*]" = UIStatusBarStyleDefault;
				INFOPLIST_KEY_UISupportedInterfaceOrientations_iPad = "UIInterfaceOrientationPortrait UIInterfaceOrientationPortraitUpsideDown UIInterfaceOrientationLandscapeLeft UIInterfaceOrientationLandscapeRight";
				INFOPLIST_KEY_UISupportedInterfaceOrientations_iPhone = "UIInterfaceOrientationPortrait UIInterfaceOrientationLandscapeLeft UIInterfaceOrientationLandscapeRight";
				IPHONEOS_DEPLOYMENT_TARGET = 17.0;
				LD_RUNPATH_SEARCH_PATHS = "@executable_path/Frameworks";
				"LD_RUNPATH_SEARCH_PATHS[sdk=macosx*]" = "@executable_path/../Frameworks";
				MACOSX_DEPLOYMENT_TARGET = 14.0;
				MARKETING_VERSION = 1.0;
				PRODUCT_BUNDLE_IDENTIFIER = work.spinners.sample.FullSpaceSample;
				PRODUCT_NAME = "$(TARGET_NAME)";
				SDKROOT = auto;
				SUPPORTED_PLATFORMS = "xros xrsimulator";
				SUPPORTS_MACCATALYST = NO;
				SUPPORTS_MAC_DESIGNED_FOR_IPHONE_IPAD = NO;
				SUPPORTS_XR_DESIGNED_FOR_IPHONE_IPAD = NO;
				SWIFT_EMIT_LOC_STRINGS = YES;
				SWIFT_VERSION = 5.0;
			};
			name = Release;
		};
		F3954E092A57A14100200E6F /* Debug */ = {
			isa = XCBuildConfiguration;
			buildSettings = {
				ASSETCATALOG_COMPILER_APPICON_NAME = AppIcon;
				ASSETCATALOG_COMPILER_GLOBAL_ACCENT_COLOR_NAME = AccentColor;
				CODE_SIGN_STYLE = Automatic;
				CURRENT_PROJECT_VERSION = 1;
				DEVELOPMENT_ASSET_PATHS = "\"VisionOSApp/Preview Content\"";
				DEVELOPMENT_TEAM = 5AXCX2DUCQ;
				ENABLE_PREVIEWS = YES;
				GENERATE_INFOPLIST_FILE = YES;
				INFOPLIST_KEY_UIApplicationSceneManifest_Generation = YES;
				LD_RUNPATH_SEARCH_PATHS = (
					"$(inherited)",
					"@executable_path/Frameworks",
				);
				MARKETING_VERSION = 1.0;
				PRODUCT_BUNDLE_IDENTIFIER = work.spinners.sample.VisionOSApp;
				PRODUCT_NAME = "$(TARGET_NAME)";
				SDKROOT = xros;
				SUPPORTED_PLATFORMS = "xros xrsimulator";
				SWIFT_EMIT_LOC_STRINGS = YES;
				SWIFT_VERSION = 5.0;
				TARGETED_DEVICE_FAMILY = "1,2,7";
				XROS_DEPLOYMENT_TARGET = 1.0;
			};
			name = Debug;
		};
		F3954E0A2A57A14100200E6F /* Release */ = {
			isa = XCBuildConfiguration;
			buildSettings = {
				ASSETCATALOG_COMPILER_APPICON_NAME = AppIcon;
				ASSETCATALOG_COMPILER_GLOBAL_ACCENT_COLOR_NAME = AccentColor;
				CODE_SIGN_STYLE = Automatic;
				CURRENT_PROJECT_VERSION = 1;
				DEVELOPMENT_ASSET_PATHS = "\"VisionOSApp/Preview Content\"";
				DEVELOPMENT_TEAM = 5AXCX2DUCQ;
				ENABLE_PREVIEWS = YES;
				GENERATE_INFOPLIST_FILE = YES;
				INFOPLIST_KEY_UIApplicationSceneManifest_Generation = YES;
				LD_RUNPATH_SEARCH_PATHS = (
					"$(inherited)",
					"@executable_path/Frameworks",
				);
				MARKETING_VERSION = 1.0;
				PRODUCT_BUNDLE_IDENTIFIER = work.spinners.sample.VisionOSApp;
				PRODUCT_NAME = "$(TARGET_NAME)";
				SDKROOT = xros;
				SUPPORTED_PLATFORMS = "xros xrsimulator";
				SWIFT_EMIT_LOC_STRINGS = YES;
				SWIFT_VERSION = 5.0;
				TARGETED_DEVICE_FAMILY = "1,2,7";
				VALIDATE_PRODUCT = YES;
				XROS_DEPLOYMENT_TARGET = 1.0;
			};
			name = Release;
		};
		F3954E242A57A2A800200E6F /* Debug */ = {
			isa = XCBuildConfiguration;
			buildSettings = {
				ASSETCATALOG_COMPILER_APPICON_NAME = AppIcon;
				ASSETCATALOG_COMPILER_GLOBAL_ACCENT_COLOR_NAME = AccentColor;
				CODE_SIGN_STYLE = Automatic;
				CURRENT_PROJECT_VERSION = 1;
				DEVELOPMENT_ASSET_PATHS = "\"Full/Preview Content\"";
				DEVELOPMENT_TEAM = 5AXCX2DUCQ;
				ENABLE_PREVIEWS = YES;
				GENERATE_INFOPLIST_FILE = YES;
				INFOPLIST_KEY_UIApplicationSceneManifest_Generation = YES;
				LD_RUNPATH_SEARCH_PATHS = (
					"$(inherited)",
					"@executable_path/Frameworks",
				);
				MARKETING_VERSION = 1.0;
				PRODUCT_BUNDLE_IDENTIFIER = work.spinners.sample.Full;
				PRODUCT_NAME = "$(TARGET_NAME)";
				SDKROOT = xros;
				SUPPORTED_PLATFORMS = "xros xrsimulator";
				SWIFT_EMIT_LOC_STRINGS = YES;
				SWIFT_VERSION = 5.0;
				TARGETED_DEVICE_FAMILY = "1,2,7";
				XROS_DEPLOYMENT_TARGET = 1.0;
			};
			name = Debug;
		};
		F3954E252A57A2A800200E6F /* Release */ = {
			isa = XCBuildConfiguration;
			buildSettings = {
				ASSETCATALOG_COMPILER_APPICON_NAME = AppIcon;
				ASSETCATALOG_COMPILER_GLOBAL_ACCENT_COLOR_NAME = AccentColor;
				CODE_SIGN_STYLE = Automatic;
				CURRENT_PROJECT_VERSION = 1;
				DEVELOPMENT_ASSET_PATHS = "\"Full/Preview Content\"";
				DEVELOPMENT_TEAM = 5AXCX2DUCQ;
				ENABLE_PREVIEWS = YES;
				GENERATE_INFOPLIST_FILE = YES;
				INFOPLIST_KEY_UIApplicationSceneManifest_Generation = YES;
				LD_RUNPATH_SEARCH_PATHS = (
					"$(inherited)",
					"@executable_path/Frameworks",
				);
				MARKETING_VERSION = 1.0;
				PRODUCT_BUNDLE_IDENTIFIER = work.spinners.sample.Full;
				PRODUCT_NAME = "$(TARGET_NAME)";
				SDKROOT = xros;
				SUPPORTED_PLATFORMS = "xros xrsimulator";
				SWIFT_EMIT_LOC_STRINGS = YES;
				SWIFT_VERSION = 5.0;
				TARGETED_DEVICE_FAMILY = "1,2,7";
				VALIDATE_PRODUCT = YES;
				XROS_DEPLOYMENT_TARGET = 1.0;
			};
			name = Release;
		};
		F3ADDD962AC415D300E86117 /* Debug */ = {
			isa = XCBuildConfiguration;
			buildSettings = {
				ASSETCATALOG_COMPILER_APPICON_NAME = AppIcon;
				ASSETCATALOG_COMPILER_GLOBAL_ACCENT_COLOR_NAME = AccentColor;
				CODE_SIGN_STYLE = Automatic;
				CURRENT_PROJECT_VERSION = 1;
				DEVELOPMENT_ASSET_PATHS = "\"AttachmentSample/Preview Content\"";
				DEVELOPMENT_TEAM = 5AXCX2DUCQ;
				ENABLE_PREVIEWS = YES;
				GENERATE_INFOPLIST_FILE = YES;
				INFOPLIST_FILE = "$(TARGET_NAME)/Info.plist";
				LD_RUNPATH_SEARCH_PATHS = (
					"$(inherited)",
					"@executable_path/Frameworks",
				);
				MARKETING_VERSION = 1.0;
				PRODUCT_BUNDLE_IDENTIFIER = work.spinners.visionos.sample.attachment.AttachmentSample;
				PRODUCT_NAME = "$(TARGET_NAME)";
				SDKROOT = xros;
				SUPPORTED_PLATFORMS = "xros xrsimulator";
				SWIFT_EMIT_LOC_STRINGS = YES;
				SWIFT_VERSION = 5.0;
				TARGETED_DEVICE_FAMILY = "1,2,7";
				XROS_DEPLOYMENT_TARGET = 1.0;
			};
			name = Debug;
		};
		F3ADDD972AC415D300E86117 /* Release */ = {
			isa = XCBuildConfiguration;
			buildSettings = {
				ASSETCATALOG_COMPILER_APPICON_NAME = AppIcon;
				ASSETCATALOG_COMPILER_GLOBAL_ACCENT_COLOR_NAME = AccentColor;
				CODE_SIGN_STYLE = Automatic;
				CURRENT_PROJECT_VERSION = 1;
				DEVELOPMENT_ASSET_PATHS = "\"AttachmentSample/Preview Content\"";
				DEVELOPMENT_TEAM = 5AXCX2DUCQ;
				ENABLE_PREVIEWS = YES;
				GENERATE_INFOPLIST_FILE = YES;
				INFOPLIST_FILE = "$(TARGET_NAME)/Info.plist";
				LD_RUNPATH_SEARCH_PATHS = (
					"$(inherited)",
					"@executable_path/Frameworks",
				);
				MARKETING_VERSION = 1.0;
				PRODUCT_BUNDLE_IDENTIFIER = work.spinners.visionos.sample.attachment.AttachmentSample;
				PRODUCT_NAME = "$(TARGET_NAME)";
				SDKROOT = xros;
				SUPPORTED_PLATFORMS = "xros xrsimulator";
				SWIFT_EMIT_LOC_STRINGS = YES;
				SWIFT_VERSION = 5.0;
				TARGETED_DEVICE_FAMILY = "1,2,7";
				VALIDATE_PRODUCT = YES;
				XROS_DEPLOYMENT_TARGET = 1.0;
			};
			name = Release;
		};
/* End XCBuildConfiguration section */

/* Begin XCConfigurationList section */
		F3833CF02A4BE03500B77478 /* Build configuration list for PBXProject "FullSpaceSample" */ = {
			isa = XCConfigurationList;
			buildConfigurations = (
				F3833D022A4BE03500B77478 /* Debug */,
				F3833D032A4BE03500B77478 /* Release */,
			);
			defaultConfigurationIsVisible = 0;
			defaultConfigurationName = Release;
		};
		F3833D042A4BE03500B77478 /* Build configuration list for PBXNativeTarget "FullSpaceSample" */ = {
			isa = XCConfigurationList;
			buildConfigurations = (
				F3833D052A4BE03500B77478 /* Debug */,
				F3833D062A4BE03500B77478 /* Release */,
			);
			defaultConfigurationIsVisible = 0;
			defaultConfigurationName = Release;
		};
		F3954E0B2A57A14100200E6F /* Build configuration list for PBXNativeTarget "VisionOSApp" */ = {
			isa = XCConfigurationList;
			buildConfigurations = (
				F3954E092A57A14100200E6F /* Debug */,
				F3954E0A2A57A14100200E6F /* Release */,
			);
			defaultConfigurationIsVisible = 0;
			defaultConfigurationName = Release;
		};
		F3954E232A57A2A800200E6F /* Build configuration list for PBXNativeTarget "Full" */ = {
			isa = XCConfigurationList;
			buildConfigurations = (
				F3954E242A57A2A800200E6F /* Debug */,
				F3954E252A57A2A800200E6F /* Release */,
			);
			defaultConfigurationIsVisible = 0;
			defaultConfigurationName = Release;
		};
		F3ADDD982AC415D300E86117 /* Build configuration list for PBXNativeTarget "AttachmentSample" */ = {
			isa = XCConfigurationList;
			buildConfigurations = (
				F3ADDD962AC415D300E86117 /* Debug */,
				F3ADDD972AC415D300E86117 /* Release */,
			);
			defaultConfigurationIsVisible = 0;
			defaultConfigurationName = Release;
		};
/* End XCConfigurationList section */

/* Begin XCSwiftPackageProductDependency section */
		F3954DFE2A57A13E00200E6F /* RealityKitContent */ = {
			isa = XCSwiftPackageProductDependency;
			productName = RealityKitContent;
		};
		F3954E142A57A2A500200E6F /* RealityKitContent */ = {
			isa = XCSwiftPackageProductDependency;
			productName = RealityKitContent;
		};
		F3ADDD862AC415D200E86117 /* RealityKitContent */ = {
			isa = XCSwiftPackageProductDependency;
			productName = RealityKitContent;
		};
/* End XCSwiftPackageProductDependency section */
	};
	rootObject = F3833CED2A4BE03500B77478 /* Project object */;
}
